
Microsoft Visual Studio Solution File, Format Version 12.00
# Visual Studio Version 17
VisualStudioVersion = 17.0.31903.59
MinimumVisualStudioVersion = 10.0.40219.1
Project("{FAE04EC0-301F-11D3-BF4B-00C04F79EFBC}") = "HRAdministrationAPI", "HRAdministrationAPI\HRAdministrationAPI.csproj", "{D8470BDA-1B2F-4516-9E30-A213033C771D}"
EndProject
Project("{FAE04EC0-301F-11D3-BF4B-00C04F79EFBC}") = "SchoolHRAdministration", "SchoolHRAdministration\SchoolHRAdministration.csproj", "{B4DD057A-7918-4A56-A21B-48E7D327874E}"
EndProject
Global
	GlobalSection(SolutionConfigurationPlatforms) = preSolution
		Debug|Any CPU = Debug|Any CPU
		Debug|x64 = Debug|x64
		Debug|x86 = Debug|x86
		Release|Any CPU = Release|Any CPU
		Release|x64 = Release|x64
		Release|x86 = Release|x86
	EndGlobalSection
	GlobalSection(ProjectConfigurationPlatforms) = postSolution
		{D8470BDA-1B2F-4516-9E30-A213033C771D}.Debug|Any CPU.ActiveCfg = Debug|Any CPU
		{D8470BDA-1B2F-4516-9E30-A213033C771D}.Debug|Any CPU.Build.0 = Debug|Any CPU
		{D8470BDA-1B2F-4516-9E30-A213033C771D}.Debug|x64.ActiveCfg = Debug|Any CPU
		{D8470BDA-1B2F-4516-9E30-A213033C771D}.Debug|x64.Build.0 = Debug|Any CPU
		{D8470BDA-1B2F-4516-9E30-A213033C771D}.Debug|x86.ActiveCfg = Debug|Any CPU
		{D8470BDA-1B2F-4516-9E30-A213033C771D}.Debug|x86.Build.0 = Debug|Any CPU
		{D8470BDA-1B2F-4516-9E30-A213033C771D}.Release|Any CPU.ActiveCfg = Release|Any CPU
		{D8470BDA-1B2F-4516-9E30-A213033C771D}.Release|Any CPU.Build.0 = Release|Any CPU
		{D8470BDA-1B2F-4516-9E30-A213033C771D}.Release|x64.ActiveCfg = Release|Any CPU
		{D8470BDA-1B2F-4516-9E30-A213033C771D}.Release|x64.Build.0 = Release|Any CPU
		{D8470BDA-1B2F-4516-9E30-A213033C771D}.Release|x86.ActiveCfg = Release|Any CPU
		{D8470BDA-1B2F-4516-9E30-A213033C771D}.Release|x86.Build.0 = Release|Any CPU
		{B4DD057A-7918-4A56-A21B-48E7D327874E}.Debug|Any CPU.ActiveCfg = Debug|Any CPU
		{B4DD057A-7918-4A56-A21B-48E7D327874E}.Debug|Any CPU.Build.0 = Debug|Any CPU
		{B4DD057A-7918-4A56-A21B-48E7D327874E}.Debug|x64.ActiveCfg = Debug|Any CPU
		{B4DD057A-7918-4A56-A21B-48E7D327874E}.Debug|x64.Build.0 = Debug|Any CPU
		{B4DD057A-7918-4A56-A21B-48E7D327874E}.Debug|x86.ActiveCfg = Debug|Any CPU
		{B4DD057A-7918-4A56-A21B-48E7D327874E}.Debug|x86.Build.0 = Debug|Any CPU
		{B4DD057A-7918-4A56-A21B-48E7D327874E}.Release|Any CPU.ActiveCfg = Release|Any CPU
		{B4DD057A-7918-4A56-A21B-48E7D327874E}.Release|Any CPU.Build.0 = Release|Any CPU
		{B4DD057A-7918-4A56-A21B-48E7D327874E}.Release|x64.ActiveCfg = Release|Any CPU
		{B4DD057A-7918-4A56-A21B-48E7D327874E}.Release|x64.Build.0 = Release|Any CPU
		{B4DD057A-7918-4A56-A21B-48E7D327874E}.Release|x86.ActiveCfg = Release|Any CPU
		{B4DD057A-7918-4A56-A21B-48E7D327874E}.Release|x86.Build.0 = Release|Any CPU
	EndGlobalSection
	GlobalSection(SolutionProperties) = preSolution
		HideSolutionNode = FALSE
	EndGlobalSection
EndGlobal
